PODS:
  - Bolts (1.2.0):
    - Bolts/AppLinks (= 1.2.0)
    - Bolts/Tasks (= 1.2.0)
  - Bolts/AppLinks (1.2.0):
    - Bolts/Tasks
  - Bolts/Tasks (1.2.0)
  - FontasticIcons (0.5.0)
  - Parse (1.7.4):
    - Bolts/Tasks (>= 1.1.5)
  - ParseUI (1.1.4):
    - Parse (~> 1.7)

DEPENDENCIES:
  - Bolts
  - FontasticIcons
  - Parse
  - ParseUI

SPEC CHECKSUMS:
  Bolts: d176cb1e0012175589e389a9db49b85e27787576
  FontasticIcons: f20740bf8f1d3565c312f1c3b9806339212b58aa
  Parse: 6ca512c6e860b66739c95151b2f76ac4712b7842
  ParseUI: d1228541b02a36a7354c8f47747f5f7a89cf1ff0

COCOAPODS: 0.37.2
