PODS:
  - Bolts (1.2.2):
    - Bolts/AppLinks (= 1.2.2)
    - Bolts/Tasks (= 1.2.2)
  - Bolts/AppLinks (1.2.2):
    - Bolts/Tasks
  - Bolts/Tasks (1.2.2)
  - FontasticIcons (0.5.0)
  - Parse (1.8.4):
    - Bolts/Tasks (>= 1.2.2)
  - ParseUI (1.1.6):
    - Bolts/Tasks (~> 1.2)
    - Parse (~> 1.8)

DEPENDENCIES:
  - Bolts
  - FontasticIcons
  - Parse
  - ParseUI

SPEC CHECKSUMS:
  Bolts: 20a2bd788273360cb1e31530dc19b8544eef2544
  FontasticIcons: f20740bf8f1d3565c312f1c3b9806339212b58aa
  Parse: c09d6efe4b2eea752765bc6f365a55516d909079
  ParseUI: 8a22e448c03f825203d8c379c80523517f68baa3

COCOAPODS: 0.38.2
